{
  "name": "red-panda-test-stack",
  "version": "1.0.0",
  "lockfileVersion": 2,
  "requires": true,
  "packages": {
    "": {
      "name": "red-panda-test-stack",
      "version": "1.0.0",
      "license": "MIT",
      "dependencies": {
        "@aws-cdk/aws-ec2": "^1.60.0",
        "@aws-cdk/aws-glue": "^1.60.0",
        "@aws-cdk/aws-iam": "^1.60.0",
        "@aws-cdk/aws-redshift": "^1.60.0",
        "@aws-cdk/aws-s3": "^1.60.0",
        "@aws-cdk/aws-s3-assets": "^1.60.0",
        "@aws-cdk/core": "^1.60.0",
        "dotenv": "^8.2.0",
        "uuid": "^8.3.0"
      },
      "devDependencies": {
        "@types/node": "^10.17.0",
        "@types/uuid": "^8.3.0",
        "typescript": "~3.7.2"
      }
    },
    "node_modules/@aws-cdk/assets": {
      "version": "1.90.1",
      "resolved": "https://registry.npmjs.org/@aws-cdk/assets/-/assets-1.90.1.tgz",
      "integrity": "sha512-CTsoRD4dugJiXhYbBRFqYFNwVsKDEfZLSJbAAuGq79EhIIsJ2QOk/9XdOBWjkEMXi4ynhDoGFV5C8AqONHZgxQ==",
      "dependencies": {
        "@aws-cdk/core": "1.90.1",
        "@aws-cdk/cx-api": "1.90.1",
        "constructs": "^3.2.0"
      },
      "engines": {
        "node": ">= 10.13.0 <13 || >=13.7.0"
      },
      "peerDependencies": {
        "@aws-cdk/core": "1.90.1",
        "@aws-cdk/cx-api": "1.90.1",
        "constructs": "^3.2.0"
      }
    },
    "node_modules/@aws-cdk/aws-applicationautoscaling": {
      "version": "1.90.1",
      "resolved": "https://registry.npmjs.org/@aws-cdk/aws-applicationautoscaling/-/aws-applicationautoscaling-1.90.1.tgz",
      "integrity": "sha512-GvTlGn7iNLhvZMySqD8/z4fkClDIHJ3duPNJMT5SfKvo6XBkadyU5Eji4/uBicNT1PejdA+jXZoLxfsw+FArMw==",
      "dependencies": {
        "@aws-cdk/aws-autoscaling-common": "1.90.1",
        "@aws-cdk/aws-cloudwatch": "1.90.1",
        "@aws-cdk/aws-iam": "1.90.1",
        "@aws-cdk/core": "1.90.1",
        "constructs": "^3.2.0"
      },
      "engines": {
        "node": ">= 10.13.0 <13 || >=13.7.0"
      },
      "peerDependencies": {
        "@aws-cdk/aws-autoscaling-common": "1.90.1",
        "@aws-cdk/aws-cloudwatch": "1.90.1",
        "@aws-cdk/aws-iam": "1.90.1",
        "@aws-cdk/core": "1.90.1",
        "constructs": "^3.2.0"
      }
    },
    "node_modules/@aws-cdk/aws-autoscaling-common": {
      "version": "1.90.1",
      "resolved": "https://registry.npmjs.org/@aws-cdk/aws-autoscaling-common/-/aws-autoscaling-common-1.90.1.tgz",
      "integrity": "sha512-PxOjJX2ipQiot8tq0DoFGEeVirjS7FNzDPpS5AETL3Ri1O3Qtp7JhBKgCJE4BcEov/B0eW10SRa4A4NOOznv0A==",
      "dependencies": {
        "@aws-cdk/aws-iam": "1.90.1",
        "@aws-cdk/core": "1.90.1",
        "constructs": "^3.2.0"
      },
      "engines": {
        "node": ">= 10.13.0 <13 || >=13.7.0"
      },
      "peerDependencies": {
        "@aws-cdk/aws-iam": "1.90.1",
        "@aws-cdk/core": "1.90.1",
        "constructs": "^3.2.0"
      }
    },
    "node_modules/@aws-cdk/aws-cloudwatch": {
      "version": "1.90.1",
      "resolved": "https://registry.npmjs.org/@aws-cdk/aws-cloudwatch/-/aws-cloudwatch-1.90.1.tgz",
      "integrity": "sha512-H0/2ZBFzDT/SUBnH8wVgWVgPpzKI2s0Prv3b8blXfnqF8kfoVMtOiqAqSt8TVHwWdAvkDk2ktWknlkfI4s5RHA==",
      "dependencies": {
        "@aws-cdk/aws-iam": "1.90.1",
        "@aws-cdk/core": "1.90.1",
        "constructs": "^3.2.0"
      },
      "engines": {
        "node": ">= 10.13.0 <13 || >=13.7.0"
      },
      "peerDependencies": {
        "@aws-cdk/aws-iam": "1.90.1",
        "@aws-cdk/core": "1.90.1",
        "constructs": "^3.2.0"
      }
    },
    "node_modules/@aws-cdk/aws-codeguruprofiler": {
      "version": "1.90.1",
      "resolved": "https://registry.npmjs.org/@aws-cdk/aws-codeguruprofiler/-/aws-codeguruprofiler-1.90.1.tgz",
      "integrity": "sha512-kvHM23kW19TUINQ+DUvsvE5ANGCsquPVE8qi7+5BR1R89Ij4SeGfPzyti9XQx/v/njf+D+f+bWq3uInkJVD4hg==",
      "dependencies": {
        "@aws-cdk/aws-iam": "1.90.1",
        "@aws-cdk/core": "1.90.1",
        "constructs": "^3.2.0"
      },
      "engines": {
        "node": ">= 10.13.0 <13 || >=13.7.0"
      },
      "peerDependencies": {
        "@aws-cdk/aws-iam": "1.90.1",
        "@aws-cdk/core": "1.90.1",
        "constructs": "^3.2.0"
      }
    },
    "node_modules/@aws-cdk/aws-ec2": {
      "version": "1.90.1",
      "resolved": "https://registry.npmjs.org/@aws-cdk/aws-ec2/-/aws-ec2-1.90.1.tgz",
      "integrity": "sha512-qFefip/yW1zfM6sA5AXFjddBPoLVh5zPtxaYbxxav+e1NDdXrdlT79Z7IqfapmR/ZSFWW3LY7KuFF82dizzECg==",
      "dependencies": {
        "@aws-cdk/aws-cloudwatch": "1.90.1",
        "@aws-cdk/aws-iam": "1.90.1",
        "@aws-cdk/aws-kms": "1.90.1",
        "@aws-cdk/aws-logs": "1.90.1",
        "@aws-cdk/aws-s3": "1.90.1",
        "@aws-cdk/aws-s3-assets": "1.90.1",
        "@aws-cdk/aws-ssm": "1.90.1",
        "@aws-cdk/cloud-assembly-schema": "1.90.1",
        "@aws-cdk/core": "1.90.1",
        "@aws-cdk/cx-api": "1.90.1",
        "@aws-cdk/region-info": "1.90.1",
        "constructs": "^3.2.0"
      },
      "engines": {
        "node": ">= 10.13.0 <13 || >=13.7.0"
      },
      "peerDependencies": {
        "@aws-cdk/aws-cloudwatch": "1.90.1",
        "@aws-cdk/aws-iam": "1.90.1",
        "@aws-cdk/aws-kms": "1.90.1",
        "@aws-cdk/aws-logs": "1.90.1",
        "@aws-cdk/aws-s3": "1.90.1",
        "@aws-cdk/aws-s3-assets": "1.90.1",
        "@aws-cdk/aws-ssm": "1.90.1",
        "@aws-cdk/cloud-assembly-schema": "1.90.1",
        "@aws-cdk/core": "1.90.1",
        "@aws-cdk/cx-api": "1.90.1",
        "@aws-cdk/region-info": "1.90.1",
        "constructs": "^3.2.0"
      }
    },
    "node_modules/@aws-cdk/aws-ecr": {
      "version": "1.90.1",
      "resolved": "https://registry.npmjs.org/@aws-cdk/aws-ecr/-/aws-ecr-1.90.1.tgz",
      "integrity": "sha512-QtYETqI8Ts2bbhAgwYmQ+40bmOqZd0fZ+8LW+VRLv3uA/9FukY2EufMqXTyjwfzlHlTpYo+9mm38JndT/T903g==",
      "dependencies": {
        "@aws-cdk/aws-events": "1.90.1",
        "@aws-cdk/aws-iam": "1.90.1",
        "@aws-cdk/core": "1.90.1",
        "constructs": "^3.2.0"
      },
      "engines": {
        "node": ">= 10.13.0 <13 || >=13.7.0"
      },
      "peerDependencies": {
        "@aws-cdk/aws-events": "1.90.1",
        "@aws-cdk/aws-iam": "1.90.1",
        "@aws-cdk/core": "1.90.1",
        "constructs": "^3.2.0"
      }
    },
    "node_modules/@aws-cdk/aws-ecr-assets": {
      "version": "1.90.1",
      "resolved": "https://registry.npmjs.org/@aws-cdk/aws-ecr-assets/-/aws-ecr-assets-1.90.1.tgz",
      "integrity": "sha512-AThpqVAuZjzMd1MLtF0sTXe+APmWDIKWcLu1gne/Mxv3tEaJ2MQaPWB/ljcKAERuhbKKNxg1R1BjKZuPsVZRwQ==",
      "bundleDependencies": [
        "minimatch"
      ],
      "dependencies": {
        "@aws-cdk/assets": "1.90.1",
        "@aws-cdk/aws-ecr": "1.90.1",
        "@aws-cdk/aws-iam": "1.90.1",
        "@aws-cdk/aws-s3": "1.90.1",
        "@aws-cdk/core": "1.90.1",
        "@aws-cdk/cx-api": "1.90.1",
        "constructs": "^3.2.0",
        "minimatch": "^3.0.4"
      },
      "engines": {
        "node": ">= 10.13.0 <13 || >=13.7.0"
      },
      "peerDependencies": {
        "@aws-cdk/assets": "1.90.1",
        "@aws-cdk/aws-ecr": "1.90.1",
        "@aws-cdk/aws-iam": "1.90.1",
        "@aws-cdk/aws-s3": "1.90.1",
        "@aws-cdk/core": "1.90.1",
        "@aws-cdk/cx-api": "1.90.1",
        "constructs": "^3.2.0"
      }
    },
    "node_modules/@aws-cdk/aws-ecr-assets/node_modules/balanced-match": {
      "version": "1.0.0",
      "inBundle": true,
      "license": "MIT"
    },
    "node_modules/@aws-cdk/aws-ecr-assets/node_modules/brace-expansion": {
      "version": "1.1.11",
      "inBundle": true,
      "license": "MIT",
      "dependencies": {
        "balanced-match": "^1.0.0",
        "concat-map": "0.0.1"
      }
    },
    "node_modules/@aws-cdk/aws-ecr-assets/node_modules/concat-map": {
      "version": "0.0.1",
      "inBundle": true,
      "license": "MIT"
    },
    "node_modules/@aws-cdk/aws-ecr-assets/node_modules/minimatch": {
      "version": "3.0.4",
      "inBundle": true,
      "license": "ISC",
      "dependencies": {
        "brace-expansion": "^1.1.7"
      },
      "engines": {
        "node": "*"
      }
    },
    "node_modules/@aws-cdk/aws-efs": {
      "version": "1.90.1",
      "resolved": "https://registry.npmjs.org/@aws-cdk/aws-efs/-/aws-efs-1.90.1.tgz",
      "integrity": "sha512-7eX0uHQ3kQG/GDdDmKkZKx+TlWxMx8A9zF6NR2gezaYMlEHZZmKhIz51DC6wmN+C0odWWX+OTK+X0Uhsnc20Kw==",
      "dependencies": {
        "@aws-cdk/aws-ec2": "1.90.1",
        "@aws-cdk/aws-kms": "1.90.1",
        "@aws-cdk/cloud-assembly-schema": "1.90.1",
        "@aws-cdk/core": "1.90.1",
        "@aws-cdk/cx-api": "1.90.1",
        "constructs": "^3.2.0"
      },
      "engines": {
        "node": ">= 10.13.0 <13 || >=13.7.0"
      },
      "peerDependencies": {
        "@aws-cdk/aws-ec2": "1.90.1",
        "@aws-cdk/aws-kms": "1.90.1",
        "@aws-cdk/cloud-assembly-schema": "1.90.1",
        "@aws-cdk/core": "1.90.1",
        "@aws-cdk/cx-api": "1.90.1",
        "constructs": "^3.2.0"
      }
    },
    "node_modules/@aws-cdk/aws-events": {
      "version": "1.90.1",
      "resolved": "https://registry.npmjs.org/@aws-cdk/aws-events/-/aws-events-1.90.1.tgz",
      "integrity": "sha512-wysfuLyL+L45XqR6Fnb0Jih3YktXs7fo0QYp/bNEMIBG3gXaK2k1mVceMWFxG/NGBwf+lD4rD5t3E3G8C1DVbQ==",
      "dependencies": {
        "@aws-cdk/aws-iam": "1.90.1",
        "@aws-cdk/core": "1.90.1",
        "constructs": "^3.2.0"
      },
      "engines": {
        "node": ">= 10.13.0 <13 || >=13.7.0"
      },
      "peerDependencies": {
        "@aws-cdk/aws-iam": "1.90.1",
        "@aws-cdk/core": "1.90.1",
        "constructs": "^3.2.0"
      }
    },
    "node_modules/@aws-cdk/aws-glue": {
      "version": "1.90.1",
      "resolved": "https://registry.npmjs.org/@aws-cdk/aws-glue/-/aws-glue-1.90.1.tgz",
      "integrity": "sha512-TCJu9x/RJPf3UJeq2m3Ro6Zyf6JRmk9VLHsWet3be4wH6Tt+6XlEJkh6ndxqjRR5l/bySfTwbIn8rnfeKfzanA==",
      "dependencies": {
        "@aws-cdk/aws-ec2": "1.90.1",
        "@aws-cdk/aws-iam": "1.90.1",
        "@aws-cdk/aws-kms": "1.90.1",
        "@aws-cdk/aws-s3": "1.90.1",
        "@aws-cdk/core": "1.90.1",
        "constructs": "^3.2.0"
      },
      "engines": {
        "node": ">= 10.13.0 <13 || >=13.7.0"
      },
      "peerDependencies": {
        "@aws-cdk/aws-ec2": "1.90.1",
        "@aws-cdk/aws-iam": "1.90.1",
        "@aws-cdk/aws-kms": "1.90.1",
        "@aws-cdk/aws-s3": "1.90.1",
        "@aws-cdk/core": "1.90.1",
        "constructs": "^3.2.0"
      }
    },
    "node_modules/@aws-cdk/aws-iam": {
      "version": "1.90.1",
      "resolved": "https://registry.npmjs.org/@aws-cdk/aws-iam/-/aws-iam-1.90.1.tgz",
      "integrity": "sha512-oRsDKe54v1a3R8BdAV2KpxdgnDlCoiRhfoCG3ujwOWfHBl/IgzgqHzab4hlMU1T67km8DAY833DVwKx9kkunVg==",
      "dependencies": {
        "@aws-cdk/core": "1.90.1",
        "@aws-cdk/region-info": "1.90.1",
        "constructs": "^3.2.0"
      },
      "engines": {
        "node": ">= 10.13.0 <13 || >=13.7.0"
      },
      "peerDependencies": {
        "@aws-cdk/core": "1.90.1",
        "@aws-cdk/region-info": "1.90.1",
        "constructs": "^3.2.0"
      }
    },
    "node_modules/@aws-cdk/aws-kms": {
      "version": "1.90.1",
      "resolved": "https://registry.npmjs.org/@aws-cdk/aws-kms/-/aws-kms-1.90.1.tgz",
      "integrity": "sha512-i0IZGbvT5WMwU3Q2DbUrHm9iNil0G6regfotCLhGqZxhy/+DbPu9Ilix2nU5yWBOMNGhlMQtgDhXM3s2siqoAg==",
      "dependencies": {
        "@aws-cdk/aws-iam": "1.90.1",
        "@aws-cdk/core": "1.90.1",
        "@aws-cdk/cx-api": "1.90.1",
        "constructs": "^3.2.0"
      },
      "engines": {
        "node": ">= 10.13.0 <13 || >=13.7.0"
      },
      "peerDependencies": {
        "@aws-cdk/aws-iam": "1.90.1",
        "@aws-cdk/core": "1.90.1",
        "@aws-cdk/cx-api": "1.90.1",
        "constructs": "^3.2.0"
      }
    },
    "node_modules/@aws-cdk/aws-lambda": {
      "version": "1.90.1",
      "resolved": "https://registry.npmjs.org/@aws-cdk/aws-lambda/-/aws-lambda-1.90.1.tgz",
      "integrity": "sha512-l2vvKPv4dYHUGov/wErR4DfYFjc8n2MIAyoCpZ3TnIaaAKGmISrAVgh8ya/VS0t/nRXM4pIvqK/vkOFlK2TEKQ==",
      "dependencies": {
        "@aws-cdk/aws-applicationautoscaling": "1.90.1",
        "@aws-cdk/aws-cloudwatch": "1.90.1",
        "@aws-cdk/aws-codeguruprofiler": "1.90.1",
        "@aws-cdk/aws-ec2": "1.90.1",
        "@aws-cdk/aws-ecr": "1.90.1",
        "@aws-cdk/aws-ecr-assets": "1.90.1",
        "@aws-cdk/aws-efs": "1.90.1",
        "@aws-cdk/aws-events": "1.90.1",
        "@aws-cdk/aws-iam": "1.90.1",
        "@aws-cdk/aws-kms": "1.90.1",
        "@aws-cdk/aws-logs": "1.90.1",
        "@aws-cdk/aws-s3": "1.90.1",
        "@aws-cdk/aws-s3-assets": "1.90.1",
        "@aws-cdk/aws-sqs": "1.90.1",
        "@aws-cdk/core": "1.90.1",
        "@aws-cdk/cx-api": "1.90.1",
        "constructs": "^3.2.0"
      },
      "engines": {
        "node": ">= 10.13.0 <13 || >=13.7.0"
      },
      "peerDependencies": {
        "@aws-cdk/aws-applicationautoscaling": "1.90.1",
        "@aws-cdk/aws-cloudwatch": "1.90.1",
        "@aws-cdk/aws-codeguruprofiler": "1.90.1",
        "@aws-cdk/aws-ec2": "1.90.1",
        "@aws-cdk/aws-ecr": "1.90.1",
        "@aws-cdk/aws-ecr-assets": "1.90.1",
        "@aws-cdk/aws-efs": "1.90.1",
        "@aws-cdk/aws-events": "1.90.1",
        "@aws-cdk/aws-iam": "1.90.1",
        "@aws-cdk/aws-kms": "1.90.1",
        "@aws-cdk/aws-logs": "1.90.1",
        "@aws-cdk/aws-s3": "1.90.1",
        "@aws-cdk/aws-s3-assets": "1.90.1",
        "@aws-cdk/aws-sqs": "1.90.1",
        "@aws-cdk/core": "1.90.1",
        "@aws-cdk/cx-api": "1.90.1",
        "constructs": "^3.2.0"
      }
    },
    "node_modules/@aws-cdk/aws-logs": {
      "version": "1.90.1",
      "resolved": "https://registry.npmjs.org/@aws-cdk/aws-logs/-/aws-logs-1.90.1.tgz",
      "integrity": "sha512-6BMk6JE6aN9+7Rqo0yk9pZC53y+c8MtoVUbc6AMlwKf6AsuN7AZVVGlRZiZBWUNCS+5BklW8WQCXnrxZeSCAGg==",
      "dependencies": {
        "@aws-cdk/aws-cloudwatch": "1.90.1",
        "@aws-cdk/aws-iam": "1.90.1",
        "@aws-cdk/aws-kms": "1.90.1",
        "@aws-cdk/aws-s3-assets": "1.90.1",
        "@aws-cdk/core": "1.90.1",
        "constructs": "^3.2.0"
      },
      "engines": {
        "node": ">= 10.13.0 <13 || >=13.7.0"
      },
      "peerDependencies": {
        "@aws-cdk/aws-cloudwatch": "1.90.1",
        "@aws-cdk/aws-iam": "1.90.1",
        "@aws-cdk/aws-kms": "1.90.1",
        "@aws-cdk/aws-s3-assets": "1.90.1",
        "@aws-cdk/core": "1.90.1",
        "constructs": "^3.2.0"
      }
    },
    "node_modules/@aws-cdk/aws-redshift": {
      "version": "1.90.1",
      "resolved": "https://registry.npmjs.org/@aws-cdk/aws-redshift/-/aws-redshift-1.90.1.tgz",
      "integrity": "sha512-ua5RYGAvXcND4AqH7CEGUGmD4z4+Um717M85amFRXYWikMAwpwfwWVUrO3j7pGVKROhoul5GKbyN3+NxVhDCsA==",
      "dependencies": {
        "@aws-cdk/aws-ec2": "1.90.1",
        "@aws-cdk/aws-iam": "1.90.1",
        "@aws-cdk/aws-kms": "1.90.1",
        "@aws-cdk/aws-s3": "1.90.1",
        "@aws-cdk/aws-secretsmanager": "1.90.1",
        "@aws-cdk/core": "1.90.1",
        "constructs": "^3.2.0"
      },
      "engines": {
        "node": ">= 10.13.0 <13 || >=13.7.0"
      },
      "peerDependencies": {
        "@aws-cdk/aws-ec2": "1.90.1",
        "@aws-cdk/aws-iam": "1.90.1",
        "@aws-cdk/aws-kms": "1.90.1",
        "@aws-cdk/aws-s3": "1.90.1",
        "@aws-cdk/aws-secretsmanager": "1.90.1",
        "@aws-cdk/core": "1.90.1",
        "constructs": "^3.2.0"
      }
    },
    "node_modules/@aws-cdk/aws-s3": {
      "version": "1.90.1",
      "resolved": "https://registry.npmjs.org/@aws-cdk/aws-s3/-/aws-s3-1.90.1.tgz",
      "integrity": "sha512-mLDbgeOlzPkQshaAlK9cvhXLUNvQhVCjZ+bGtSviAibvnKMpodlvMfRSVUazd/zTIGwrfxZWhQLwF6YHEhW0iw==",
      "dependencies": {
        "@aws-cdk/aws-events": "1.90.1",
        "@aws-cdk/aws-iam": "1.90.1",
        "@aws-cdk/aws-kms": "1.90.1",
        "@aws-cdk/core": "1.90.1",
        "@aws-cdk/cx-api": "1.90.1",
        "constructs": "^3.2.0"
      },
      "engines": {
        "node": ">= 10.13.0 <13 || >=13.7.0"
      },
      "peerDependencies": {
        "@aws-cdk/aws-events": "1.90.1",
        "@aws-cdk/aws-iam": "1.90.1",
        "@aws-cdk/aws-kms": "1.90.1",
        "@aws-cdk/core": "1.90.1",
        "@aws-cdk/cx-api": "1.90.1",
        "constructs": "^3.2.0"
      }
    },
    "node_modules/@aws-cdk/aws-s3-assets": {
      "version": "1.90.1",
      "resolved": "https://registry.npmjs.org/@aws-cdk/aws-s3-assets/-/aws-s3-assets-1.90.1.tgz",
      "integrity": "sha512-mb+zTPc79oitO80Mu/oThGYoHfRHqt94OBEmc/qZuW1F4haBkhBuPK1tfSd89pJmbjVJACf9p0ulRYO0gy+J1w==",
      "dependencies": {
        "@aws-cdk/assets": "1.90.1",
        "@aws-cdk/aws-iam": "1.90.1",
        "@aws-cdk/aws-kms": "1.90.1",
        "@aws-cdk/aws-s3": "1.90.1",
        "@aws-cdk/core": "1.90.1",
        "@aws-cdk/cx-api": "1.90.1",
        "constructs": "^3.2.0"
      },
      "engines": {
        "node": ">= 10.13.0 <13 || >=13.7.0"
      },
      "peerDependencies": {
        "@aws-cdk/assets": "1.90.1",
        "@aws-cdk/aws-iam": "1.90.1",
        "@aws-cdk/aws-kms": "1.90.1",
        "@aws-cdk/aws-s3": "1.90.1",
        "@aws-cdk/core": "1.90.1",
        "@aws-cdk/cx-api": "1.90.1",
        "constructs": "^3.2.0"
      }
    },
    "node_modules/@aws-cdk/aws-sam": {
      "version": "1.90.1",
      "resolved": "https://registry.npmjs.org/@aws-cdk/aws-sam/-/aws-sam-1.90.1.tgz",
      "integrity": "sha512-qKmzd2n7PT2F6KTN8pmy6P1WsOdcKIFWb1yd2ejsORHLhMYXlxBbCDczqE5jxi5l7AymaO9KrJ/A3BqHosWCUQ==",
      "dependencies": {
        "@aws-cdk/core": "1.90.1",
        "constructs": "^3.2.0"
      },
      "engines": {
        "node": ">= 10.13.0 <13 || >=13.7.0"
      },
      "peerDependencies": {
        "@aws-cdk/core": "1.90.1",
        "constructs": "^3.2.0"
      }
    },
    "node_modules/@aws-cdk/aws-secretsmanager": {
      "version": "1.90.1",
      "resolved": "https://registry.npmjs.org/@aws-cdk/aws-secretsmanager/-/aws-secretsmanager-1.90.1.tgz",
      "integrity": "sha512-sesQ80PYgm1zyAlTToYq1M7tR2nLyVUkBaYUoBSAFyxPrILkajNvdr+ZsACSkiCtemkeUx0b2xoVpL0HX5j7WA==",
      "dependencies": {
        "@aws-cdk/aws-ec2": "1.90.1",
        "@aws-cdk/aws-iam": "1.90.1",
        "@aws-cdk/aws-kms": "1.90.1",
        "@aws-cdk/aws-lambda": "1.90.1",
        "@aws-cdk/aws-sam": "1.90.1",
        "@aws-cdk/core": "1.90.1",
        "@aws-cdk/cx-api": "1.90.1",
        "constructs": "^3.2.0"
      },
      "engines": {
        "node": ">= 10.13.0 <13 || >=13.7.0"
      },
      "peerDependencies": {
        "@aws-cdk/aws-ec2": "1.90.1",
        "@aws-cdk/aws-iam": "1.90.1",
        "@aws-cdk/aws-kms": "1.90.1",
        "@aws-cdk/aws-lambda": "1.90.1",
        "@aws-cdk/aws-sam": "1.90.1",
        "@aws-cdk/core": "1.90.1",
        "@aws-cdk/cx-api": "1.90.1",
        "constructs": "^3.2.0"
      }
    },
    "node_modules/@aws-cdk/aws-sqs": {
      "version": "1.90.1",
      "resolved": "https://registry.npmjs.org/@aws-cdk/aws-sqs/-/aws-sqs-1.90.1.tgz",
      "integrity": "sha512-P2G73h27IM9Blr5uVQFCV5FYfv5Su9uKYqNE4tvc586pm8mOqEsRKavISkLXz7ojSn9RDLBpvGdWN4BAHCoQsQ==",
      "dependencies": {
        "@aws-cdk/aws-cloudwatch": "1.90.1",
        "@aws-cdk/aws-iam": "1.90.1",
        "@aws-cdk/aws-kms": "1.90.1",
        "@aws-cdk/core": "1.90.1",
        "constructs": "^3.2.0"
      },
      "engines": {
        "node": ">= 10.13.0 <13 || >=13.7.0"
      },
      "peerDependencies": {
        "@aws-cdk/aws-cloudwatch": "1.90.1",
        "@aws-cdk/aws-iam": "1.90.1",
        "@aws-cdk/aws-kms": "1.90.1",
        "@aws-cdk/core": "1.90.1",
        "constructs": "^3.2.0"
      }
    },
    "node_modules/@aws-cdk/aws-ssm": {
      "version": "1.90.1",
      "resolved": "https://registry.npmjs.org/@aws-cdk/aws-ssm/-/aws-ssm-1.90.1.tgz",
      "integrity": "sha512-2FrFeRxnimob57PhyDq0yQ5Y+7J+NprXX2xbekNHeAHq4NQCp3RwUrDtOWseDnXLNC/jwI+DtvQa/PbkYQF2wA==",
      "dependencies": {
        "@aws-cdk/aws-iam": "1.90.1",
        "@aws-cdk/aws-kms": "1.90.1",
        "@aws-cdk/cloud-assembly-schema": "1.90.1",
        "@aws-cdk/core": "1.90.1",
        "constructs": "^3.2.0"
      },
      "engines": {
        "node": ">= 10.13.0 <13 || >=13.7.0"
      },
      "peerDependencies": {
        "@aws-cdk/aws-iam": "1.90.1",
        "@aws-cdk/aws-kms": "1.90.1",
        "@aws-cdk/cloud-assembly-schema": "1.90.1",
        "@aws-cdk/core": "1.90.1",
        "constructs": "^3.2.0"
      }
    },
    "node_modules/@aws-cdk/cloud-assembly-schema": {
      "version": "1.90.1",
      "resolved": "https://registry.npmjs.org/@aws-cdk/cloud-assembly-schema/-/cloud-assembly-schema-1.90.1.tgz",
      "integrity": "sha512-dCapg6knHc+ShAICiPvSA2duzvNXD9RxQSKXbuiXYkGjiQPMIVhGAplyyZ/jzlbZEFk2MQjdlKzue6XU+sbigA==",
      "bundleDependencies": [
        "jsonschema",
        "semver"
      ],
      "dependencies": {
        "jsonschema": "^1.4.0",
        "semver": "^7.3.4"
      },
      "engines": {
        "node": ">= 10.13.0 <13 || >=13.7.0"
      }
    },
    "node_modules/@aws-cdk/cloud-assembly-schema/node_modules/jsonschema": {
      "version": "1.4.0",
      "inBundle": true,
      "license": "MIT",
      "engines": {
        "node": "*"
      }
    },
    "node_modules/@aws-cdk/cloud-assembly-schema/node_modules/lru-cache": {
      "version": "6.0.0",
      "inBundle": true,
      "license": "ISC",
      "dependencies": {
        "yallist": "^4.0.0"
      },
      "engines": {
        "node": ">=10"
      }
    },
    "node_modules/@aws-cdk/cloud-assembly-schema/node_modules/semver": {
      "version": "7.3.4",
      "inBundle": true,
      "license": "ISC",
      "dependencies": {
        "lru-cache": "^6.0.0"
      },
      "bin": {
        "semver": "bin/semver.js"
      },
      "engines": {
        "node": ">=10"
      }
    },
    "node_modules/@aws-cdk/cloud-assembly-schema/node_modules/yallist": {
      "version": "4.0.0",
      "inBundle": true,
      "license": "ISC"
    },
    "node_modules/@aws-cdk/core": {
      "version": "1.90.1",
      "resolved": "https://registry.npmjs.org/@aws-cdk/core/-/core-1.90.1.tgz",
      "integrity": "sha512-DJfPi0QY/gjPE240xY1JKWLxzGxjrotgWe1dxSQEW6qBJK0gck9UmtAfF+YAs4hqjJCrgaEZQBur16HANi/uMg==",
      "bundleDependencies": [
        "fs-extra",
        "minimatch",
        "@balena/dockerignore",
        "ignore"
      ],
      "dependencies": {
        "@aws-cdk/cloud-assembly-schema": "1.90.1",
        "@aws-cdk/cx-api": "1.90.1",
        "@aws-cdk/region-info": "1.90.1",
        "@balena/dockerignore": "^1.0.2",
        "constructs": "^3.2.0",
        "fs-extra": "^9.1.0",
        "ignore": "^5.1.8",
        "minimatch": "^3.0.4"
      },
      "engines": {
        "node": ">= 10.13.0 <13 || >=13.7.0"
      },
      "peerDependencies": {
        "@aws-cdk/cloud-assembly-schema": "1.90.1",
        "@aws-cdk/cx-api": "1.90.1",
        "@aws-cdk/region-info": "1.90.1",
        "constructs": "^3.2.0"
      }
    },
    "node_modules/@aws-cdk/core/node_modules/@balena/dockerignore": {
      "version": "1.0.2",
      "inBundle": true,
      "license": "Apache-2.0"
    },
    "node_modules/@aws-cdk/core/node_modules/at-least-node": {
      "version": "1.0.0",
      "inBundle": true,
      "license": "ISC",
      "engines": {
        "node": ">= 4.0.0"
      }
    },
    "node_modules/@aws-cdk/core/node_modules/balanced-match": {
      "version": "1.0.0",
      "inBundle": true,
      "license": "MIT"
    },
    "node_modules/@aws-cdk/core/node_modules/brace-expansion": {
      "version": "1.1.11",
      "inBundle": true,
      "license": "MIT",
      "dependencies": {
        "balanced-match": "^1.0.0",
        "concat-map": "0.0.1"
      }
    },
    "node_modules/@aws-cdk/core/node_modules/concat-map": {
      "version": "0.0.1",
      "inBundle": true,
      "license": "MIT"
    },
    "node_modules/@aws-cdk/core/node_modules/fs-extra": {
      "version": "9.1.0",
      "inBundle": true,
      "license": "MIT",
      "dependencies": {
        "at-least-node": "^1.0.0",
        "graceful-fs": "^4.2.0",
        "jsonfile": "^6.0.1",
        "universalify": "^2.0.0"
      },
      "engines": {
        "node": ">=10"
      }
    },
    "node_modules/@aws-cdk/core/node_modules/graceful-fs": {
      "version": "4.2.6",
      "inBundle": true,
      "license": "ISC"
    },
    "node_modules/@aws-cdk/core/node_modules/ignore": {
      "version": "5.1.8",
      "inBundle": true,
      "license": "MIT",
      "engines": {
        "node": ">= 4"
      }
    },
    "node_modules/@aws-cdk/core/node_modules/jsonfile": {
      "version": "6.1.0",
      "inBundle": true,
      "license": "MIT",
      "dependencies": {
        "graceful-fs": "^4.1.6",
        "universalify": "^2.0.0"
      },
      "optionalDependencies": {
        "graceful-fs": "^4.1.6"
      }
    },
    "node_modules/@aws-cdk/core/node_modules/minimatch": {
      "version": "3.0.4",
      "inBundle": true,
      "license": "ISC",
      "dependencies": {
        "brace-expansion": "^1.1.7"
      },
      "engines": {
        "node": "*"
      }
    },
    "node_modules/@aws-cdk/core/node_modules/universalify": {
      "version": "2.0.0",
      "inBundle": true,
      "license": "MIT",
      "engines": {
        "node": ">= 10.0.0"
      }
    },
    "node_modules/@aws-cdk/cx-api": {
      "version": "1.90.1",
      "resolved": "https://registry.npmjs.org/@aws-cdk/cx-api/-/cx-api-1.90.1.tgz",
      "integrity": "sha512-x3a7dCeQ/zqCJJ3f3aHcJ1CJ1Uh6zofvtvxUfb6uObmhEii28oBAylmF6NCe87yKGwJ+h+nruKsgmuJQWEsj5g==",
      "bundleDependencies": [
        "semver"
      ],
      "dependencies": {
        "@aws-cdk/cloud-assembly-schema": "1.90.1",
        "semver": "^7.3.4"
      },
      "engines": {
        "node": ">= 10.13.0 <13 || >=13.7.0"
      },
      "peerDependencies": {
        "@aws-cdk/cloud-assembly-schema": "1.90.1"
      }
    },
    "node_modules/@aws-cdk/cx-api/node_modules/lru-cache": {
      "version": "6.0.0",
      "inBundle": true,
      "license": "ISC",
      "dependencies": {
        "yallist": "^4.0.0"
      },
      "engines": {
        "node": ">=10"
      }
    },
    "node_modules/@aws-cdk/cx-api/node_modules/semver": {
      "version": "7.3.4",
      "inBundle": true,
      "license": "ISC",
      "dependencies": {
        "lru-cache": "^6.0.0"
      },
      "bin": {
        "semver": "bin/semver.js"
      },
      "engines": {
        "node": ">=10"
      }
    },
    "node_modules/@aws-cdk/cx-api/node_modules/yallist": {
      "version": "4.0.0",
      "inBundle": true,
      "license": "ISC"
    },
    "node_modules/@aws-cdk/region-info": {
      "version": "1.90.1",
      "resolved": "https://registry.npmjs.org/@aws-cdk/region-info/-/region-info-1.90.1.tgz",
      "integrity": "sha512-n7psm+RC535FJwh2e9pwCCQ3dQ1+/2LN5KfWnGiQWfsUWp7tuYHf+mXu8t/KNEsGkNWP5a9PRfGjdMjek9WsFg==",
      "engines": {
        "node": ">= 10.13.0 <13 || >=13.7.0"
      }
    },
    "node_modules/@types/node": {
      "version": "10.17.54",
      "resolved": "https://registry.npmjs.org/@types/node/-/node-10.17.54.tgz",
      "integrity": "sha512-c8Lm7+hXdSPmWH4B9z/P/xIXhFK3mCQin4yCYMd2p1qpMG5AfgyJuYZ+3q2dT7qLiMMMGMd5dnkFpdqJARlvtQ==",
      "dev": true
    },
    "node_modules/@types/uuid": {
      "version": "8.3.0",
      "resolved": "https://registry.npmjs.org/@types/uuid/-/uuid-8.3.0.tgz",
      "integrity": "sha512-eQ9qFW/fhfGJF8WKHGEHZEyVWfZxrT+6CLIJGBcZPfxUh/+BnEj+UCGYMlr9qZuX/2AltsvwrGqp0LhEW8D0zQ==",
      "dev": true
    },
    "node_modules/constructs": {
      "version": "3.3.29",
      "resolved": "https://registry.npmjs.org/constructs/-/constructs-3.3.29.tgz",
      "integrity": "sha512-rGQzkq2M/qKZ0hMEtt4YPpsZKOwzmiyAQx3PqexXXsjdVnTqEfIwQuDpc+1jP6CtaBHl7rR6CxQcfsP5DmaERw==",
      "engines": {
        "node": ">= 10.17.0"
      }
    },
    "node_modules/dotenv": {
      "version": "8.2.0",
      "resolved": "https://registry.npmjs.org/dotenv/-/dotenv-8.2.0.tgz",
      "integrity": "sha512-8sJ78ElpbDJBHNeBzUbUVLsqKdccaa/BXF1uPTw3GrvQTBgrQrtObr2mUrE38vzYd8cEv+m/JBfDLioYcfXoaw==",
      "engines": {
        "node": ">=8"
      }
    },
    "node_modules/typescript": {
      "version": "3.7.7",
      "resolved": "https://registry.npmjs.org/typescript/-/typescript-3.7.7.tgz",
      "integrity": "sha512-MmQdgo/XenfZPvVLtKZOq9jQQvzaUAUpcKW8Z43x9B2fOm4S5g//tPtMweZUIP+SoBqrVPEIm+dJeQ9dfO0QdA==",
      "dev": true,
      "bin": {
        "tsc": "bin/tsc",
        "tsserver": "bin/tsserver"
      },
      "engines": {
        "node": ">=4.2.0"
      }
    },
    "node_modules/uuid": {
      "version": "8.3.2",
      "resolved": "https://registry.npmjs.org/uuid/-/uuid-8.3.2.tgz",
      "integrity": "sha512-+NYs2QeMWy+GWFOEm9xnn6HCDp0l7QBD7ml8zLUmJ+93Q5NF0NocErnwkTkXVFNiX3/fpC6afS8Dhb/gz7R7eg==",
      "bin": {
        "uuid": "dist/bin/uuid"
      }
    }
  },
  "dependencies": {
    "@aws-cdk/assets": {
      "version": "1.90.1",
      "resolved": "https://registry.npmjs.org/@aws-cdk/assets/-/assets-1.90.1.tgz",
      "integrity": "sha512-CTsoRD4dugJiXhYbBRFqYFNwVsKDEfZLSJbAAuGq79EhIIsJ2QOk/9XdOBWjkEMXi4ynhDoGFV5C8AqONHZgxQ==",
      "requires": {
        "@aws-cdk/core": "1.90.1",
        "@aws-cdk/cx-api": "1.90.1",
        "constructs": "^3.2.0"
      }
    },
    "@aws-cdk/aws-applicationautoscaling": {
      "version": "1.90.1",
      "resolved": "https://registry.npmjs.org/@aws-cdk/aws-applicationautoscaling/-/aws-applicationautoscaling-1.90.1.tgz",
      "integrity": "sha512-GvTlGn7iNLhvZMySqD8/z4fkClDIHJ3duPNJMT5SfKvo6XBkadyU5Eji4/uBicNT1PejdA+jXZoLxfsw+FArMw==",
      "requires": {
        "@aws-cdk/aws-autoscaling-common": "1.90.1",
        "@aws-cdk/aws-cloudwatch": "1.90.1",
        "@aws-cdk/aws-iam": "1.90.1",
        "@aws-cdk/core": "1.90.1",
        "constructs": "^3.2.0"
      }
    },
    "@aws-cdk/aws-autoscaling-common": {
      "version": "1.90.1",
      "resolved": "https://registry.npmjs.org/@aws-cdk/aws-autoscaling-common/-/aws-autoscaling-common-1.90.1.tgz",
      "integrity": "sha512-PxOjJX2ipQiot8tq0DoFGEeVirjS7FNzDPpS5AETL3Ri1O3Qtp7JhBKgCJE4BcEov/B0eW10SRa4A4NOOznv0A==",
      "requires": {
        "@aws-cdk/aws-iam": "1.90.1",
        "@aws-cdk/core": "1.90.1",
        "constructs": "^3.2.0"
      }
    },
    "@aws-cdk/aws-cloudwatch": {
      "version": "1.90.1",
      "resolved": "https://registry.npmjs.org/@aws-cdk/aws-cloudwatch/-/aws-cloudwatch-1.90.1.tgz",
      "integrity": "sha512-H0/2ZBFzDT/SUBnH8wVgWVgPpzKI2s0Prv3b8blXfnqF8kfoVMtOiqAqSt8TVHwWdAvkDk2ktWknlkfI4s5RHA==",
      "requires": {
        "@aws-cdk/aws-iam": "1.90.1",
        "@aws-cdk/core": "1.90.1",
        "constructs": "^3.2.0"
      }
    },
    "@aws-cdk/aws-codeguruprofiler": {
      "version": "1.90.1",
      "resolved": "https://registry.npmjs.org/@aws-cdk/aws-codeguruprofiler/-/aws-codeguruprofiler-1.90.1.tgz",
      "integrity": "sha512-kvHM23kW19TUINQ+DUvsvE5ANGCsquPVE8qi7+5BR1R89Ij4SeGfPzyti9XQx/v/njf+D+f+bWq3uInkJVD4hg==",
      "requires": {
        "@aws-cdk/aws-iam": "1.90.1",
        "@aws-cdk/core": "1.90.1",
        "constructs": "^3.2.0"
      }
    },
    "@aws-cdk/aws-ec2": {
      "version": "1.90.1",
      "resolved": "https://registry.npmjs.org/@aws-cdk/aws-ec2/-/aws-ec2-1.90.1.tgz",
      "integrity": "sha512-qFefip/yW1zfM6sA5AXFjddBPoLVh5zPtxaYbxxav+e1NDdXrdlT79Z7IqfapmR/ZSFWW3LY7KuFF82dizzECg==",
      "requires": {
        "@aws-cdk/aws-cloudwatch": "1.90.1",
        "@aws-cdk/aws-iam": "1.90.1",
        "@aws-cdk/aws-kms": "1.90.1",
        "@aws-cdk/aws-logs": "1.90.1",
        "@aws-cdk/aws-s3": "1.90.1",
        "@aws-cdk/aws-s3-assets": "1.90.1",
        "@aws-cdk/aws-ssm": "1.90.1",
        "@aws-cdk/cloud-assembly-schema": "1.90.1",
        "@aws-cdk/core": "1.90.1",
        "@aws-cdk/cx-api": "1.90.1",
        "@aws-cdk/region-info": "1.90.1",
        "constructs": "^3.2.0"
      }
    },
    "@aws-cdk/aws-ecr": {
      "version": "1.90.1",
      "resolved": "https://registry.npmjs.org/@aws-cdk/aws-ecr/-/aws-ecr-1.90.1.tgz",
      "integrity": "sha512-QtYETqI8Ts2bbhAgwYmQ+40bmOqZd0fZ+8LW+VRLv3uA/9FukY2EufMqXTyjwfzlHlTpYo+9mm38JndT/T903g==",
      "requires": {
        "@aws-cdk/aws-events": "1.90.1",
        "@aws-cdk/aws-iam": "1.90.1",
        "@aws-cdk/core": "1.90.1",
        "constructs": "^3.2.0"
      }
    },
    "@aws-cdk/aws-ecr-assets": {
      "version": "1.90.1",
      "resolved": "https://registry.npmjs.org/@aws-cdk/aws-ecr-assets/-/aws-ecr-assets-1.90.1.tgz",
      "integrity": "sha512-AThpqVAuZjzMd1MLtF0sTXe+APmWDIKWcLu1gne/Mxv3tEaJ2MQaPWB/ljcKAERuhbKKNxg1R1BjKZuPsVZRwQ==",
      "requires": {
        "@aws-cdk/assets": "1.90.1",
        "@aws-cdk/aws-ecr": "1.90.1",
        "@aws-cdk/aws-iam": "1.90.1",
        "@aws-cdk/aws-s3": "1.90.1",
        "@aws-cdk/core": "1.90.1",
        "@aws-cdk/cx-api": "1.90.1",
        "constructs": "^3.2.0",
        "minimatch": "^3.0.4"
      },
      "dependencies": {
        "balanced-match": {
          "version": "1.0.0",
          "bundled": true
        },
        "brace-expansion": {
          "version": "1.1.11",
          "bundled": true,
          "requires": {
            "balanced-match": "^1.0.0",
            "concat-map": "0.0.1"
          }
        },
        "concat-map": {
          "version": "0.0.1",
          "bundled": true
        },
        "minimatch": {
          "version": "3.0.4",
          "bundled": true,
          "requires": {
            "brace-expansion": "^1.1.7"
          }
        }
      }
    },
    "@aws-cdk/aws-efs": {
      "version": "1.90.1",
      "resolved": "https://registry.npmjs.org/@aws-cdk/aws-efs/-/aws-efs-1.90.1.tgz",
      "integrity": "sha512-7eX0uHQ3kQG/GDdDmKkZKx+TlWxMx8A9zF6NR2gezaYMlEHZZmKhIz51DC6wmN+C0odWWX+OTK+X0Uhsnc20Kw==",
      "requires": {
        "@aws-cdk/aws-ec2": "1.90.1",
        "@aws-cdk/aws-kms": "1.90.1",
        "@aws-cdk/cloud-assembly-schema": "1.90.1",
        "@aws-cdk/core": "1.90.1",
        "@aws-cdk/cx-api": "1.90.1",
        "constructs": "^3.2.0"
      }
    },
    "@aws-cdk/aws-events": {
      "version": "1.90.1",
      "resolved": "https://registry.npmjs.org/@aws-cdk/aws-events/-/aws-events-1.90.1.tgz",
      "integrity": "sha512-wysfuLyL+L45XqR6Fnb0Jih3YktXs7fo0QYp/bNEMIBG3gXaK2k1mVceMWFxG/NGBwf+lD4rD5t3E3G8C1DVbQ==",
      "requires": {
        "@aws-cdk/aws-iam": "1.90.1",
        "@aws-cdk/core": "1.90.1",
        "constructs": "^3.2.0"
      }
    },
    "@aws-cdk/aws-glue": {
      "version": "1.90.1",
      "resolved": "https://registry.npmjs.org/@aws-cdk/aws-glue/-/aws-glue-1.90.1.tgz",
      "integrity": "sha512-TCJu9x/RJPf3UJeq2m3Ro6Zyf6JRmk9VLHsWet3be4wH6Tt+6XlEJkh6ndxqjRR5l/bySfTwbIn8rnfeKfzanA==",
      "requires": {
        "@aws-cdk/aws-ec2": "1.90.1",
        "@aws-cdk/aws-iam": "1.90.1",
        "@aws-cdk/aws-kms": "1.90.1",
        "@aws-cdk/aws-s3": "1.90.1",
        "@aws-cdk/core": "1.90.1",
        "constructs": "^3.2.0"
      }
    },
    "@aws-cdk/aws-iam": {
      "version": "1.90.1",
      "resolved": "https://registry.npmjs.org/@aws-cdk/aws-iam/-/aws-iam-1.90.1.tgz",
      "integrity": "sha512-oRsDKe54v1a3R8BdAV2KpxdgnDlCoiRhfoCG3ujwOWfHBl/IgzgqHzab4hlMU1T67km8DAY833DVwKx9kkunVg==",
      "requires": {
        "@aws-cdk/core": "1.90.1",
        "@aws-cdk/region-info": "1.90.1",
        "constructs": "^3.2.0"
      }
    },
    "@aws-cdk/aws-kms": {
      "version": "1.90.1",
      "resolved": "https://registry.npmjs.org/@aws-cdk/aws-kms/-/aws-kms-1.90.1.tgz",
      "integrity": "sha512-i0IZGbvT5WMwU3Q2DbUrHm9iNil0G6regfotCLhGqZxhy/+DbPu9Ilix2nU5yWBOMNGhlMQtgDhXM3s2siqoAg==",
      "requires": {
        "@aws-cdk/aws-iam": "1.90.1",
        "@aws-cdk/core": "1.90.1",
        "@aws-cdk/cx-api": "1.90.1",
        "constructs": "^3.2.0"
      }
    },
    "@aws-cdk/aws-lambda": {
      "version": "1.90.1",
      "resolved": "https://registry.npmjs.org/@aws-cdk/aws-lambda/-/aws-lambda-1.90.1.tgz",
      "integrity": "sha512-l2vvKPv4dYHUGov/wErR4DfYFjc8n2MIAyoCpZ3TnIaaAKGmISrAVgh8ya/VS0t/nRXM4pIvqK/vkOFlK2TEKQ==",
      "requires": {
        "@aws-cdk/aws-applicationautoscaling": "1.90.1",
        "@aws-cdk/aws-cloudwatch": "1.90.1",
        "@aws-cdk/aws-codeguruprofiler": "1.90.1",
        "@aws-cdk/aws-ec2": "1.90.1",
        "@aws-cdk/aws-ecr": "1.90.1",
        "@aws-cdk/aws-ecr-assets": "1.90.1",
        "@aws-cdk/aws-efs": "1.90.1",
        "@aws-cdk/aws-events": "1.90.1",
        "@aws-cdk/aws-iam": "1.90.1",
        "@aws-cdk/aws-kms": "1.90.1",
        "@aws-cdk/aws-logs": "1.90.1",
        "@aws-cdk/aws-s3": "1.90.1",
        "@aws-cdk/aws-s3-assets": "1.90.1",
        "@aws-cdk/aws-sqs": "1.90.1",
        "@aws-cdk/core": "1.90.1",
        "@aws-cdk/cx-api": "1.90.1",
        "constructs": "^3.2.0"
      }
    },
    "@aws-cdk/aws-logs": {
      "version": "1.90.1",
      "resolved": "https://registry.npmjs.org/@aws-cdk/aws-logs/-/aws-logs-1.90.1.tgz",
      "integrity": "sha512-6BMk6JE6aN9+7Rqo0yk9pZC53y+c8MtoVUbc6AMlwKf6AsuN7AZVVGlRZiZBWUNCS+5BklW8WQCXnrxZeSCAGg==",
      "requires": {
        "@aws-cdk/aws-cloudwatch": "1.90.1",
        "@aws-cdk/aws-iam": "1.90.1",
        "@aws-cdk/aws-kms": "1.90.1",
        "@aws-cdk/aws-s3-assets": "1.90.1",
        "@aws-cdk/core": "1.90.1",
        "constructs": "^3.2.0"
      }
    },
    "@aws-cdk/aws-redshift": {
      "version": "1.90.1",
      "resolved": "https://registry.npmjs.org/@aws-cdk/aws-redshift/-/aws-redshift-1.90.1.tgz",
      "integrity": "sha512-ua5RYGAvXcND4AqH7CEGUGmD4z4+Um717M85amFRXYWikMAwpwfwWVUrO3j7pGVKROhoul5GKbyN3+NxVhDCsA==",
      "requires": {
        "@aws-cdk/aws-ec2": "1.90.1",
        "@aws-cdk/aws-iam": "1.90.1",
        "@aws-cdk/aws-kms": "1.90.1",
        "@aws-cdk/aws-s3": "1.90.1",
        "@aws-cdk/aws-secretsmanager": "1.90.1",
        "@aws-cdk/core": "1.90.1",
        "constructs": "^3.2.0"
      }
    },
    "@aws-cdk/aws-s3": {
      "version": "1.90.1",
      "resolved": "https://registry.npmjs.org/@aws-cdk/aws-s3/-/aws-s3-1.90.1.tgz",
      "integrity": "sha512-mLDbgeOlzPkQshaAlK9cvhXLUNvQhVCjZ+bGtSviAibvnKMpodlvMfRSVUazd/zTIGwrfxZWhQLwF6YHEhW0iw==",
      "requires": {
        "@aws-cdk/aws-events": "1.90.1",
        "@aws-cdk/aws-iam": "1.90.1",
        "@aws-cdk/aws-kms": "1.90.1",
        "@aws-cdk/core": "1.90.1",
        "@aws-cdk/cx-api": "1.90.1",
        "constructs": "^3.2.0"
      }
    },
    "@aws-cdk/aws-s3-assets": {
      "version": "1.90.1",
      "resolved": "https://registry.npmjs.org/@aws-cdk/aws-s3-assets/-/aws-s3-assets-1.90.1.tgz",
      "integrity": "sha512-mb+zTPc79oitO80Mu/oThGYoHfRHqt94OBEmc/qZuW1F4haBkhBuPK1tfSd89pJmbjVJACf9p0ulRYO0gy+J1w==",
      "requires": {
        "@aws-cdk/assets": "1.90.1",
        "@aws-cdk/aws-iam": "1.90.1",
        "@aws-cdk/aws-kms": "1.90.1",
        "@aws-cdk/aws-s3": "1.90.1",
        "@aws-cdk/core": "1.90.1",
        "@aws-cdk/cx-api": "1.90.1",
        "constructs": "^3.2.0"
      }
    },
    "@aws-cdk/aws-sam": {
      "version": "1.90.1",
      "resolved": "https://registry.npmjs.org/@aws-cdk/aws-sam/-/aws-sam-1.90.1.tgz",
      "integrity": "sha512-qKmzd2n7PT2F6KTN8pmy6P1WsOdcKIFWb1yd2ejsORHLhMYXlxBbCDczqE5jxi5l7AymaO9KrJ/A3BqHosWCUQ==",
      "requires": {
        "@aws-cdk/core": "1.90.1",
        "constructs": "^3.2.0"
      }
    },
    "@aws-cdk/aws-secretsmanager": {
      "version": "1.90.1",
      "resolved": "https://registry.npmjs.org/@aws-cdk/aws-secretsmanager/-/aws-secretsmanager-1.90.1.tgz",
      "integrity": "sha512-sesQ80PYgm1zyAlTToYq1M7tR2nLyVUkBaYUoBSAFyxPrILkajNvdr+ZsACSkiCtemkeUx0b2xoVpL0HX5j7WA==",
      "requires": {
        "@aws-cdk/aws-ec2": "1.90.1",
        "@aws-cdk/aws-iam": "1.90.1",
        "@aws-cdk/aws-kms": "1.90.1",
        "@aws-cdk/aws-lambda": "1.90.1",
        "@aws-cdk/aws-sam": "1.90.1",
        "@aws-cdk/core": "1.90.1",
        "@aws-cdk/cx-api": "1.90.1",
        "constructs": "^3.2.0"
      }
    },
    "@aws-cdk/aws-sqs": {
      "version": "1.90.1",
      "resolved": "https://registry.npmjs.org/@aws-cdk/aws-sqs/-/aws-sqs-1.90.1.tgz",
      "integrity": "sha512-P2G73h27IM9Blr5uVQFCV5FYfv5Su9uKYqNE4tvc586pm8mOqEsRKavISkLXz7ojSn9RDLBpvGdWN4BAHCoQsQ==",
      "requires": {
        "@aws-cdk/aws-cloudwatch": "1.90.1",
        "@aws-cdk/aws-iam": "1.90.1",
        "@aws-cdk/aws-kms": "1.90.1",
        "@aws-cdk/core": "1.90.1",
        "constructs": "^3.2.0"
      }
    },
    "@aws-cdk/aws-ssm": {
      "version": "1.90.1",
      "resolved": "https://registry.npmjs.org/@aws-cdk/aws-ssm/-/aws-ssm-1.90.1.tgz",
      "integrity": "sha512-2FrFeRxnimob57PhyDq0yQ5Y+7J+NprXX2xbekNHeAHq4NQCp3RwUrDtOWseDnXLNC/jwI+DtvQa/PbkYQF2wA==",
      "requires": {
        "@aws-cdk/aws-iam": "1.90.1",
        "@aws-cdk/aws-kms": "1.90.1",
        "@aws-cdk/cloud-assembly-schema": "1.90.1",
        "@aws-cdk/core": "1.90.1",
        "constructs": "^3.2.0"
      }
    },
    "@aws-cdk/cloud-assembly-schema": {
      "version": "1.90.1",
      "resolved": "https://registry.npmjs.org/@aws-cdk/cloud-assembly-schema/-/cloud-assembly-schema-1.90.1.tgz",
      "integrity": "sha512-dCapg6knHc+ShAICiPvSA2duzvNXD9RxQSKXbuiXYkGjiQPMIVhGAplyyZ/jzlbZEFk2MQjdlKzue6XU+sbigA==",
      "requires": {
        "jsonschema": "^1.4.0",
        "semver": "^7.3.4"
      },
      "dependencies": {
        "jsonschema": {
          "version": "1.4.0",
          "bundled": true
        },
        "lru-cache": {
          "version": "6.0.0",
          "bundled": true,
          "requires": {
            "yallist": "^4.0.0"
          }
        },
        "semver": {
          "version": "7.3.4",
          "bundled": true,
          "requires": {
            "lru-cache": "^6.0.0"
          }
        },
        "yallist": {
          "version": "4.0.0",
          "bundled": true
        }
      }
    },
    "@aws-cdk/core": {
      "version": "1.90.1",
      "resolved": "https://registry.npmjs.org/@aws-cdk/core/-/core-1.90.1.tgz",
      "integrity": "sha512-DJfPi0QY/gjPE240xY1JKWLxzGxjrotgWe1dxSQEW6qBJK0gck9UmtAfF+YAs4hqjJCrgaEZQBur16HANi/uMg==",
      "requires": {
        "@aws-cdk/cloud-assembly-schema": "1.90.1",
        "@aws-cdk/cx-api": "1.90.1",
        "@aws-cdk/region-info": "1.90.1",
        "@balena/dockerignore": "^1.0.2",
        "constructs": "^3.2.0",
        "fs-extra": "^9.1.0",
        "ignore": "^5.1.8",
        "minimatch": "^3.0.4"
      },
      "dependencies": {
        "@balena/dockerignore": {
          "version": "1.0.2",
          "bundled": true
        },
        "at-least-node": {
          "version": "1.0.0",
          "bundled": true
        },
        "balanced-match": {
          "version": "1.0.0",
          "bundled": true
        },
        "brace-expansion": {
          "version": "1.1.11",
          "bundled": true,
          "requires": {
            "balanced-match": "^1.0.0",
            "concat-map": "0.0.1"
          }
        },
        "concat-map": {
          "version": "0.0.1",
          "bundled": true
        },
        "fs-extra": {
          "version": "9.1.0",
          "bundled": true,
          "requires": {
            "at-least-node": "^1.0.0",
            "graceful-fs": "^4.2.0",
            "jsonfile": "^6.0.1",
            "universalify": "^2.0.0"
          }
        },
        "graceful-fs": {
          "version": "4.2.6",
          "bundled": true
        },
        "ignore": {
          "version": "5.1.8",
          "bundled": true
        },
        "jsonfile": {
          "version": "6.1.0",
          "bundled": true,
          "requires": {
            "graceful-fs": "^4.1.6",
            "universalify": "^2.0.0"
          }
        },
        "minimatch": {
          "version": "3.0.4",
          "bundled": true,
          "requires": {
            "brace-expansion": "^1.1.7"
          }
        },
        "universalify": {
          "version": "2.0.0",
          "bundled": true
        }
      }
    },
    "@aws-cdk/cx-api": {
      "version": "1.90.1",
      "resolved": "https://registry.npmjs.org/@aws-cdk/cx-api/-/cx-api-1.90.1.tgz",
      "integrity": "sha512-x3a7dCeQ/zqCJJ3f3aHcJ1CJ1Uh6zofvtvxUfb6uObmhEii28oBAylmF6NCe87yKGwJ+h+nruKsgmuJQWEsj5g==",
      "requires": {
        "@aws-cdk/cloud-assembly-schema": "1.90.1",
        "semver": "^7.3.4"
      },
      "dependencies": {
        "lru-cache": {
          "version": "6.0.0",
          "bundled": true,
          "requires": {
            "yallist": "^4.0.0"
          }
        },
        "semver": {
          "version": "7.3.4",
          "bundled": true,
          "requires": {
            "lru-cache": "^6.0.0"
          }
        },
        "yallist": {
          "version": "4.0.0",
          "bundled": true
        }
      }
    },
    "@aws-cdk/region-info": {
      "version": "1.90.1",
      "resolved": "https://registry.npmjs.org/@aws-cdk/region-info/-/region-info-1.90.1.tgz",
      "integrity": "sha512-n7psm+RC535FJwh2e9pwCCQ3dQ1+/2LN5KfWnGiQWfsUWp7tuYHf+mXu8t/KNEsGkNWP5a9PRfGjdMjek9WsFg=="
    },
    "@types/node": {
      "version": "10.17.54",
      "resolved": "https://registry.npmjs.org/@types/node/-/node-10.17.54.tgz",
      "integrity": "sha512-c8Lm7+hXdSPmWH4B9z/P/xIXhFK3mCQin4yCYMd2p1qpMG5AfgyJuYZ+3q2dT7qLiMMMGMd5dnkFpdqJARlvtQ==",
      "dev": true
    },
    "@types/uuid": {
      "version": "8.3.0",
      "resolved": "https://registry.npmjs.org/@types/uuid/-/uuid-8.3.0.tgz",
      "integrity": "sha512-eQ9qFW/fhfGJF8WKHGEHZEyVWfZxrT+6CLIJGBcZPfxUh/+BnEj+UCGYMlr9qZuX/2AltsvwrGqp0LhEW8D0zQ==",
      "dev": true
    },
    "constructs": {
      "version": "3.3.29",
      "resolved": "https://registry.npmjs.org/constructs/-/constructs-3.3.29.tgz",
      "integrity": "sha512-rGQzkq2M/qKZ0hMEtt4YPpsZKOwzmiyAQx3PqexXXsjdVnTqEfIwQuDpc+1jP6CtaBHl7rR6CxQcfsP5DmaERw=="
    },
    "dotenv": {
      "version": "8.2.0",
      "resolved": "https://registry.npmjs.org/dotenv/-/dotenv-8.2.0.tgz",
      "integrity": "sha512-8sJ78ElpbDJBHNeBzUbUVLsqKdccaa/BXF1uPTw3GrvQTBgrQrtObr2mUrE38vzYd8cEv+m/JBfDLioYcfXoaw=="
    },
    "typescript": {
      "version": "3.7.7",
      "resolved": "https://registry.npmjs.org/typescript/-/typescript-3.7.7.tgz",
      "integrity": "sha512-MmQdgo/XenfZPvVLtKZOq9jQQvzaUAUpcKW8Z43x9B2fOm4S5g//tPtMweZUIP+SoBqrVPEIm+dJeQ9dfO0QdA==",
      "dev": true
    },
    "uuid": {
      "version": "8.3.2",
      "resolved": "https://registry.npmjs.org/uuid/-/uuid-8.3.2.tgz",
      "integrity": "sha512-+NYs2QeMWy+GWFOEm9xnn6HCDp0l7QBD7ml8zLUmJ+93Q5NF0NocErnwkTkXVFNiX3/fpC6afS8Dhb/gz7R7eg=="
    }
  }
}
