{
  "name": "red-panda-test-stack",
  "version": "1.0.0",
  "lockfileVersion": 1,
  "requires": true,
  "dependencies": {
    "@aws-cdk/assets": {
      "version": "1.60.0",
      "resolved": "https://registry.npmjs.org/@aws-cdk/assets/-/assets-1.60.0.tgz",
      "integrity": "sha512-QDs+KZ0a9A4eQiOH894W/nGW3A0vxE63hMcQbWCJx6BGEzF8mRlYhovrEWAc8T1hfO7Ze0ZOvrcznpjnxk650g==",
      "requires": {
        "@aws-cdk/core": "1.60.0",
        "@aws-cdk/cx-api": "1.60.0",
        "constructs": "^3.0.2"
      }
    },
    "@aws-cdk/aws-applicationautoscaling": {
      "version": "1.60.0",
      "resolved": "https://registry.npmjs.org/@aws-cdk/aws-applicationautoscaling/-/aws-applicationautoscaling-1.60.0.tgz",
      "integrity": "sha512-DoTp7oW286zmuEAvvtT/XcPYc8xJe71v7EiSxjH2lbpnnp1ZuGWqqK6ZJHQuAKkfNh0ggni1AkAb/YUo4w4IFQ==",
      "requires": {
        "@aws-cdk/aws-autoscaling-common": "1.60.0",
        "@aws-cdk/aws-cloudwatch": "1.60.0",
        "@aws-cdk/aws-iam": "1.60.0",
        "@aws-cdk/core": "1.60.0",
        "constructs": "^3.0.2"
      }
    },
    "@aws-cdk/aws-autoscaling-common": {
      "version": "1.60.0",
      "resolved": "https://registry.npmjs.org/@aws-cdk/aws-autoscaling-common/-/aws-autoscaling-common-1.60.0.tgz",
      "integrity": "sha512-vkXIvJ4zmOkd39Trm1C07YdWL+GBRDSeAAqoc4rWbw/yAKEhvpqx/oNW4rRqABA1lC3490R/mSje7Dr8Z8y5Dw==",
      "requires": {
        "@aws-cdk/aws-iam": "1.60.0",
        "@aws-cdk/core": "1.60.0",
        "constructs": "^3.0.2"
      }
    },
    "@aws-cdk/aws-cloudwatch": {
      "version": "1.60.0",
      "resolved": "https://registry.npmjs.org/@aws-cdk/aws-cloudwatch/-/aws-cloudwatch-1.60.0.tgz",
      "integrity": "sha512-12LK2Q/BR4HMwm2vBQHjQRyZT00FWGu9TO0wutJ78BYooqM4YpSdkRiNv74HRtG6RLPo9QmUFrUE5IFYpN0O2w==",
      "requires": {
        "@aws-cdk/aws-iam": "1.60.0",
        "@aws-cdk/core": "1.60.0",
        "constructs": "^3.0.2"
      }
    },
    "@aws-cdk/aws-codeguruprofiler": {
      "version": "1.60.0",
      "resolved": "https://registry.npmjs.org/@aws-cdk/aws-codeguruprofiler/-/aws-codeguruprofiler-1.60.0.tgz",
      "integrity": "sha512-COcSgEUiz0wTaL9cCzxMiCIDbtA6AoFZjB2xVJXwm6YvkK4M2cUfiemTtSSsxGChHEkydHYdS0vZYqNesznOhQ==",
      "requires": {
        "@aws-cdk/aws-iam": "1.60.0",
        "@aws-cdk/core": "1.60.0"
      }
    },
    "@aws-cdk/aws-ec2": {
      "version": "1.60.0",
      "resolved": "https://registry.npmjs.org/@aws-cdk/aws-ec2/-/aws-ec2-1.60.0.tgz",
      "integrity": "sha512-J1a9ffMLBBmUQcNVXFC14T7PU+n70WxGG3KFbapqretaAhPAtDh3bd/rCaLCmwj216f1t5XpH3fpeS7LGGqKuQ==",
      "requires": {
        "@aws-cdk/aws-cloudwatch": "1.60.0",
        "@aws-cdk/aws-iam": "1.60.0",
        "@aws-cdk/aws-kms": "1.60.0",
        "@aws-cdk/aws-logs": "1.60.0",
        "@aws-cdk/aws-s3": "1.60.0",
        "@aws-cdk/aws-s3-assets": "1.60.0",
        "@aws-cdk/aws-ssm": "1.60.0",
        "@aws-cdk/cloud-assembly-schema": "1.60.0",
        "@aws-cdk/core": "1.60.0",
        "@aws-cdk/cx-api": "1.60.0",
        "@aws-cdk/region-info": "1.60.0",
        "constructs": "^3.0.2"
      }
    },
    "@aws-cdk/aws-efs": {
      "version": "1.60.0",
      "resolved": "https://registry.npmjs.org/@aws-cdk/aws-efs/-/aws-efs-1.60.0.tgz",
      "integrity": "sha512-+WZ51FfJAng3buDMFa5PnGIKPuaSdZ08QAIryZUiDMSo0bKw7fZk40++pk18e7CE1vHnS6NI1nR6wINwXyfNGA==",
      "requires": {
        "@aws-cdk/aws-ec2": "1.60.0",
        "@aws-cdk/aws-kms": "1.60.0",
        "@aws-cdk/cloud-assembly-schema": "1.60.0",
        "@aws-cdk/core": "1.60.0",
        "@aws-cdk/cx-api": "1.60.0",
        "constructs": "^3.0.2"
      }
    },
    "@aws-cdk/aws-events": {
      "version": "1.60.0",
      "resolved": "https://registry.npmjs.org/@aws-cdk/aws-events/-/aws-events-1.60.0.tgz",
      "integrity": "sha512-UxXrGvuPv3gvlogg8kHFCyhvZuKLFrgYKoAzQhPZAYIl8ojVQiNn67LLdlnZ5R7Th8h+BJRRRKZmEb/R1fqYjQ==",
      "requires": {
        "@aws-cdk/aws-iam": "1.60.0",
        "@aws-cdk/core": "1.60.0",
        "constructs": "^3.0.2"
      }
    },
    "@aws-cdk/aws-glue": {
      "version": "1.60.0",
      "resolved": "https://registry.npmjs.org/@aws-cdk/aws-glue/-/aws-glue-1.60.0.tgz",
      "integrity": "sha512-9wPmG+IaDSqpOh+Ltlo4u+Vw46D5BfntaarpOfDCRPe2rdEUWbtTJzSQPw3ioya5fGgEk+mnVj5ZDETB7qpudg==",
      "requires": {
        "@aws-cdk/aws-iam": "1.60.0",
        "@aws-cdk/aws-kms": "1.60.0",
        "@aws-cdk/aws-s3": "1.60.0",
        "@aws-cdk/core": "1.60.0",
        "constructs": "^3.0.2"
      },
      "dependencies": {
        "@aws-cdk/aws-events": {
          "version": "1.60.0",
          "resolved": "https://registry.npmjs.org/@aws-cdk/aws-events/-/aws-events-1.60.0.tgz",
          "integrity": "sha512-UxXrGvuPv3gvlogg8kHFCyhvZuKLFrgYKoAzQhPZAYIl8ojVQiNn67LLdlnZ5R7Th8h+BJRRRKZmEb/R1fqYjQ==",
          "requires": {
            "@aws-cdk/aws-iam": "1.60.0",
            "@aws-cdk/core": "1.60.0",
            "constructs": "^3.0.2"
          }
        },
        "@aws-cdk/aws-iam": {
          "version": "1.60.0",
          "resolved": "https://registry.npmjs.org/@aws-cdk/aws-iam/-/aws-iam-1.60.0.tgz",
          "integrity": "sha512-p4Jm8Ws7ENuFduypLku/eKViWWBk7EXMXYUizqsI2/qIurwfkPJFrUEOBJiG4etr+5tRweTWM8KdK7jC823Ujw==",
          "requires": {
            "@aws-cdk/core": "1.60.0",
            "@aws-cdk/region-info": "1.60.0",
            "constructs": "^3.0.2"
          }
        },
        "@aws-cdk/aws-kms": {
          "version": "1.60.0",
          "resolved": "https://registry.npmjs.org/@aws-cdk/aws-kms/-/aws-kms-1.60.0.tgz",
          "integrity": "sha512-BDkcFMya1XjAvfW8D6wFXtSxHrVC1rYwrj8QcY6wKpx6m/QD7WOUOhtoZCsx/tC8lds+aS04luKJp6hgXfn4eA==",
          "requires": {
            "@aws-cdk/aws-iam": "1.60.0",
            "@aws-cdk/core": "1.60.0",
            "constructs": "^3.0.2"
          }
        },
        "@aws-cdk/aws-s3": {
          "version": "1.60.0",
          "resolved": "https://registry.npmjs.org/@aws-cdk/aws-s3/-/aws-s3-1.60.0.tgz",
          "integrity": "sha512-Kl+Lfe+5+5m+PHoE06xNs9rAF0Cy8i4ZI9NBfxnKxLb+5MEiVIwHWK91k8ofsTH7T/s/1Pmrw7TwwipCKhCAvA==",
          "requires": {
            "@aws-cdk/aws-events": "1.60.0",
            "@aws-cdk/aws-iam": "1.60.0",
            "@aws-cdk/aws-kms": "1.60.0",
            "@aws-cdk/core": "1.60.0",
            "constructs": "^3.0.2"
          }
        },
        "@aws-cdk/cloud-assembly-schema": {
          "version": "1.60.0",
          "resolved": "https://registry.npmjs.org/@aws-cdk/cloud-assembly-schema/-/cloud-assembly-schema-1.60.0.tgz",
          "integrity": "sha512-FI0YB6h+SjxChfjnEpQfOYez1B01STDGhn4FQkZ0lbZuAkfW3DUbZYHzR8bTwKo/wgGt/vJ+MYrqxdMyLn62og==",
          "requires": {
            "jsonschema": "^1.2.5",
            "semver": "^7.2.2"
          },
          "dependencies": {
            "jsonschema": {
              "version": "1.2.6",
              "bundled": true
            },
            "semver": {
              "version": "7.3.2",
              "bundled": true
            }
          }
        },
        "@aws-cdk/core": {
          "version": "1.60.0",
          "resolved": "https://registry.npmjs.org/@aws-cdk/core/-/core-1.60.0.tgz",
          "integrity": "sha512-h6P5z6E/8ttINA9IqrFxXamHZraPj1NlCE83I5QHaWPACaVe+EJbvjU3dITDyK/+fGjmQ/1m4rFaNMyBd43mVg==",
          "requires": {
            "@aws-cdk/cloud-assembly-schema": "1.60.0",
            "@aws-cdk/cx-api": "1.60.0",
            "constructs": "^3.0.2",
            "fs-extra": "^9.0.1",
            "minimatch": "^3.0.4"
          },
          "dependencies": {
            "at-least-node": {
              "version": "1.0.0",
              "bundled": true
            },
            "balanced-match": {
              "version": "1.0.0",
              "bundled": true
            },
            "brace-expansion": {
              "version": "1.1.11",
              "bundled": true,
              "requires": {
                "balanced-match": "^1.0.0",
                "concat-map": "0.0.1"
              }
            },
            "concat-map": {
              "version": "0.0.1",
              "bundled": true
            },
            "fs-extra": {
              "version": "9.0.1",
              "bundled": true,
              "requires": {
                "at-least-node": "^1.0.0",
                "graceful-fs": "^4.2.0",
                "jsonfile": "^6.0.1",
                "universalify": "^1.0.0"
              }
            },
            "graceful-fs": {
              "version": "4.2.3",
              "bundled": true
            },
            "jsonfile": {
              "version": "6.0.1",
              "bundled": true,
              "requires": {
                "graceful-fs": "^4.1.6",
                "universalify": "^1.0.0"
              }
            },
            "minimatch": {
              "version": "3.0.4",
              "bundled": true,
              "requires": {
                "brace-expansion": "^1.1.7"
              }
            },
            "universalify": {
              "version": "1.0.0",
              "bundled": true
            }
          }
        },
        "@aws-cdk/cx-api": {
          "version": "1.60.0",
          "resolved": "https://registry.npmjs.org/@aws-cdk/cx-api/-/cx-api-1.60.0.tgz",
          "integrity": "sha512-Lx1KOB4HowdlPiftkplgaCZWYPeOEeqZgCNxeo1lRa3ypDYkrpcwVsLgLIsWhph0Lb7qtmrMmubiwaE1VTiLwQ==",
          "requires": {
            "@aws-cdk/cloud-assembly-schema": "1.60.0",
            "semver": "^7.2.2"
          },
          "dependencies": {
            "semver": {
              "version": "7.3.2",
              "bundled": true
            }
          }
        },
        "@aws-cdk/region-info": {
          "version": "1.60.0",
          "resolved": "https://registry.npmjs.org/@aws-cdk/region-info/-/region-info-1.60.0.tgz",
          "integrity": "sha512-rz2HUVTM42wVXbx+T2nwT8WKSY9BFB+ThhdGAT81l1dsi/Vtne1Ql5AlnBRCWW4TXR6Nvt3DjGEsG4o6DZmsdw=="
        }
      }
    },
    "@aws-cdk/aws-iam": {
      "version": "1.60.0",
      "resolved": "https://registry.npmjs.org/@aws-cdk/aws-iam/-/aws-iam-1.60.0.tgz",
      "integrity": "sha512-p4Jm8Ws7ENuFduypLku/eKViWWBk7EXMXYUizqsI2/qIurwfkPJFrUEOBJiG4etr+5tRweTWM8KdK7jC823Ujw==",
      "requires": {
        "@aws-cdk/core": "1.60.0",
        "@aws-cdk/region-info": "1.60.0",
        "constructs": "^3.0.2"
      }
    },
    "@aws-cdk/aws-kms": {
      "version": "1.60.0",
      "resolved": "https://registry.npmjs.org/@aws-cdk/aws-kms/-/aws-kms-1.60.0.tgz",
      "integrity": "sha512-BDkcFMya1XjAvfW8D6wFXtSxHrVC1rYwrj8QcY6wKpx6m/QD7WOUOhtoZCsx/tC8lds+aS04luKJp6hgXfn4eA==",
      "requires": {
        "@aws-cdk/aws-iam": "1.60.0",
        "@aws-cdk/core": "1.60.0",
        "constructs": "^3.0.2"
      }
    },
    "@aws-cdk/aws-lambda": {
      "version": "1.60.0",
      "resolved": "https://registry.npmjs.org/@aws-cdk/aws-lambda/-/aws-lambda-1.60.0.tgz",
      "integrity": "sha512-xI5kG6zMWyYTMVagEzfqBCNe1DNpKegdjHoWFdnBVnxubI63iOARxTQQLuMRE4bZFR3gDprVgGh9auDO3RZ2jw==",
      "requires": {
        "@aws-cdk/aws-applicationautoscaling": "1.60.0",
        "@aws-cdk/aws-cloudwatch": "1.60.0",
        "@aws-cdk/aws-codeguruprofiler": "1.60.0",
        "@aws-cdk/aws-ec2": "1.60.0",
        "@aws-cdk/aws-efs": "1.60.0",
        "@aws-cdk/aws-events": "1.60.0",
        "@aws-cdk/aws-iam": "1.60.0",
        "@aws-cdk/aws-logs": "1.60.0",
        "@aws-cdk/aws-s3": "1.60.0",
        "@aws-cdk/aws-s3-assets": "1.60.0",
        "@aws-cdk/aws-sqs": "1.60.0",
        "@aws-cdk/core": "1.60.0",
        "@aws-cdk/cx-api": "1.60.0",
        "constructs": "^3.0.2"
      }
    },
    "@aws-cdk/aws-logs": {
      "version": "1.60.0",
      "resolved": "https://registry.npmjs.org/@aws-cdk/aws-logs/-/aws-logs-1.60.0.tgz",
      "integrity": "sha512-cMtMlq2SLc1vJILrgoUheCotQeHkJPRajz/lP2vvY/vL1Bu5RJsJfNiOO+8ZFN3wNOK+foM1h+LV5dAyl9n7Bw==",
      "requires": {
        "@aws-cdk/aws-cloudwatch": "1.60.0",
        "@aws-cdk/aws-iam": "1.60.0",
        "@aws-cdk/core": "1.60.0",
        "constructs": "^3.0.2"
      }
    },
    "@aws-cdk/aws-redshift": {
      "version": "1.60.0",
      "resolved": "https://registry.npmjs.org/@aws-cdk/aws-redshift/-/aws-redshift-1.60.0.tgz",
      "integrity": "sha512-cSCKQXvgNJeqL3ySFLQwvLzIvGne0o5xcMM5Ph0C1LsBsv5xEfHQwG1EVZ9S0h3bALHQ9kxGOt1C4754k5r5lQ==",
      "requires": {
        "@aws-cdk/aws-ec2": "1.60.0",
        "@aws-cdk/aws-iam": "1.60.0",
        "@aws-cdk/aws-kms": "1.60.0",
        "@aws-cdk/aws-s3": "1.60.0",
        "@aws-cdk/aws-secretsmanager": "1.60.0",
        "@aws-cdk/core": "1.60.0",
        "constructs": "^3.0.2"
      }
    },
    "@aws-cdk/aws-s3": {
      "version": "1.60.0",
      "resolved": "https://registry.npmjs.org/@aws-cdk/aws-s3/-/aws-s3-1.60.0.tgz",
      "integrity": "sha512-Kl+Lfe+5+5m+PHoE06xNs9rAF0Cy8i4ZI9NBfxnKxLb+5MEiVIwHWK91k8ofsTH7T/s/1Pmrw7TwwipCKhCAvA==",
      "requires": {
        "@aws-cdk/aws-events": "1.60.0",
        "@aws-cdk/aws-iam": "1.60.0",
        "@aws-cdk/aws-kms": "1.60.0",
        "@aws-cdk/core": "1.60.0",
        "constructs": "^3.0.2"
      }
    },
    "@aws-cdk/aws-s3-assets": {
      "version": "1.60.0",
      "resolved": "https://registry.npmjs.org/@aws-cdk/aws-s3-assets/-/aws-s3-assets-1.60.0.tgz",
      "integrity": "sha512-rBxJqwjWBuhPrV7svY+10qcBS8DJR+IGATbn7viezSlEVTVyPeHCOVJfMvNPhsum9QMZVQE0cbQEGT+Mr8B9Cw==",
      "requires": {
        "@aws-cdk/assets": "1.60.0",
        "@aws-cdk/aws-iam": "1.60.0",
        "@aws-cdk/aws-kms": "1.60.0",
        "@aws-cdk/aws-s3": "1.60.0",
        "@aws-cdk/core": "1.60.0",
        "@aws-cdk/cx-api": "1.60.0",
        "constructs": "^3.0.2"
      }
    },
    "@aws-cdk/aws-sam": {
      "version": "1.60.0",
      "resolved": "https://registry.npmjs.org/@aws-cdk/aws-sam/-/aws-sam-1.60.0.tgz",
      "integrity": "sha512-9RnRGqc2ZtPQtl/uBAZRiG4OAfO5dqZ8IcgAXYe0eh2DAR+sMHlURySUeSa4Mc4UfeHFpGLLMUdcTs7Ctlt+NQ==",
      "requires": {
        "@aws-cdk/core": "1.60.0",
        "constructs": "^3.0.2"
      }
    },
    "@aws-cdk/aws-secretsmanager": {
      "version": "1.60.0",
      "resolved": "https://registry.npmjs.org/@aws-cdk/aws-secretsmanager/-/aws-secretsmanager-1.60.0.tgz",
      "integrity": "sha512-pNnTx4pxWzZJ3vsXlKDoZ5VH3sgNuh7KD0Wd8hZ4Ff62TuqZOKVOr09dzXSXCXhUkGEpg3/7mLsLdrjVaKT1DA==",
      "requires": {
        "@aws-cdk/aws-ec2": "1.60.0",
        "@aws-cdk/aws-iam": "1.60.0",
        "@aws-cdk/aws-kms": "1.60.0",
        "@aws-cdk/aws-lambda": "1.60.0",
        "@aws-cdk/aws-sam": "1.60.0",
        "@aws-cdk/core": "1.60.0",
        "constructs": "^3.0.2"
      }
    },
    "@aws-cdk/aws-sqs": {
      "version": "1.60.0",
      "resolved": "https://registry.npmjs.org/@aws-cdk/aws-sqs/-/aws-sqs-1.60.0.tgz",
      "integrity": "sha512-g9FpZ6xrxvSqhvd+QS283XrJwFdDnJMf20Z7Iyx24HTdkTK25sjbAZ5xgjZl57VlDtl1E+ITzbuAvv6jGQTAHQ==",
      "requires": {
        "@aws-cdk/aws-cloudwatch": "1.60.0",
        "@aws-cdk/aws-iam": "1.60.0",
        "@aws-cdk/aws-kms": "1.60.0",
        "@aws-cdk/core": "1.60.0",
        "constructs": "^3.0.2"
      }
    },
    "@aws-cdk/aws-ssm": {
      "version": "1.60.0",
      "resolved": "https://registry.npmjs.org/@aws-cdk/aws-ssm/-/aws-ssm-1.60.0.tgz",
      "integrity": "sha512-AbsyfASy8voakl1nBiJxmSPoTmOKsvWs7NuYb2P4/EzHs/Qo355zFkhPJf8AdSETYXlrISBUsptIVyBWeCxICw==",
      "requires": {
        "@aws-cdk/aws-iam": "1.60.0",
        "@aws-cdk/aws-kms": "1.60.0",
        "@aws-cdk/cloud-assembly-schema": "1.60.0",
        "@aws-cdk/core": "1.60.0",
        "constructs": "^3.0.2"
      }
    },
    "@aws-cdk/cloud-assembly-schema": {
      "version": "1.60.0",
      "resolved": "https://registry.npmjs.org/@aws-cdk/cloud-assembly-schema/-/cloud-assembly-schema-1.60.0.tgz",
      "integrity": "sha512-FI0YB6h+SjxChfjnEpQfOYez1B01STDGhn4FQkZ0lbZuAkfW3DUbZYHzR8bTwKo/wgGt/vJ+MYrqxdMyLn62og==",
      "requires": {
        "jsonschema": "^1.2.5",
        "semver": "^7.2.2"
      },
      "dependencies": {
        "jsonschema": {
          "version": "1.2.6",
          "bundled": true
        },
        "semver": {
          "version": "7.3.2",
          "bundled": true
        }
      }
    },
    "@aws-cdk/core": {
      "version": "1.60.0",
      "resolved": "https://registry.npmjs.org/@aws-cdk/core/-/core-1.60.0.tgz",
      "integrity": "sha512-h6P5z6E/8ttINA9IqrFxXamHZraPj1NlCE83I5QHaWPACaVe+EJbvjU3dITDyK/+fGjmQ/1m4rFaNMyBd43mVg==",
      "requires": {
        "@aws-cdk/cloud-assembly-schema": "1.60.0",
        "@aws-cdk/cx-api": "1.60.0",
        "constructs": "^3.0.2",
        "fs-extra": "^9.0.1",
        "minimatch": "^3.0.4"
      },
      "dependencies": {
        "at-least-node": {
          "version": "1.0.0",
          "bundled": true
        },
        "balanced-match": {
          "version": "1.0.0",
          "bundled": true
        },
        "brace-expansion": {
          "version": "1.1.11",
          "bundled": true,
          "requires": {
            "balanced-match": "^1.0.0",
            "concat-map": "0.0.1"
          }
        },
        "concat-map": {
          "version": "0.0.1",
          "bundled": true
        },
        "fs-extra": {
          "version": "9.0.1",
          "bundled": true,
          "requires": {
            "at-least-node": "^1.0.0",
            "graceful-fs": "^4.2.0",
            "jsonfile": "^6.0.1",
            "universalify": "^1.0.0"
          }
        },
        "graceful-fs": {
          "version": "4.2.3",
          "bundled": true
        },
        "jsonfile": {
          "version": "6.0.1",
          "bundled": true,
          "requires": {
            "graceful-fs": "^4.1.6",
            "universalify": "^1.0.0"
          }
        },
        "minimatch": {
          "version": "3.0.4",
          "bundled": true,
          "requires": {
            "brace-expansion": "^1.1.7"
          }
        },
        "universalify": {
          "version": "1.0.0",
          "bundled": true
        }
      }
    },
    "@aws-cdk/cx-api": {
      "version": "1.60.0",
      "resolved": "https://registry.npmjs.org/@aws-cdk/cx-api/-/cx-api-1.60.0.tgz",
      "integrity": "sha512-Lx1KOB4HowdlPiftkplgaCZWYPeOEeqZgCNxeo1lRa3ypDYkrpcwVsLgLIsWhph0Lb7qtmrMmubiwaE1VTiLwQ==",
      "requires": {
        "@aws-cdk/cloud-assembly-schema": "1.60.0",
        "semver": "^7.2.2"
      },
      "dependencies": {
        "semver": {
          "version": "7.3.2",
          "bundled": true
        }
      }
    },
    "@aws-cdk/region-info": {
      "version": "1.60.0",
      "resolved": "https://registry.npmjs.org/@aws-cdk/region-info/-/region-info-1.60.0.tgz",
      "integrity": "sha512-rz2HUVTM42wVXbx+T2nwT8WKSY9BFB+ThhdGAT81l1dsi/Vtne1Ql5AlnBRCWW4TXR6Nvt3DjGEsG4o6DZmsdw=="
    },
    "@types/node": {
      "version": "10.17.28",
      "resolved": "https://registry.npmjs.org/@types/node/-/node-10.17.28.tgz",
      "integrity": "sha512-dzjES1Egb4c1a89C7lKwQh8pwjYmlOAG9dW1pBgxEk57tMrLnssOfEthz8kdkNaBd7lIqQx7APm5+mZ619IiCQ==",
      "dev": true
    },
    "@types/uuid": {
      "version": "8.3.0",
      "resolved": "https://registry.npmjs.org/@types/uuid/-/uuid-8.3.0.tgz",
      "integrity": "sha512-eQ9qFW/fhfGJF8WKHGEHZEyVWfZxrT+6CLIJGBcZPfxUh/+BnEj+UCGYMlr9qZuX/2AltsvwrGqp0LhEW8D0zQ==",
      "dev": true
    },
    "constructs": {
      "version": "3.0.4",
      "resolved": "https://registry.npmjs.org/constructs/-/constructs-3.0.4.tgz",
      "integrity": "sha512-CDvg7gMjphE3DFX4pzkF6j73NREbR8npPFW8Mx/CLRnMR035+Y1o1HrXIsNSss/dq3ZUnNTU9jKyd3fL9EOlfw=="
    },
    "dotenv": {
      "version": "8.2.0",
      "resolved": "https://registry.npmjs.org/dotenv/-/dotenv-8.2.0.tgz",
      "integrity": "sha512-8sJ78ElpbDJBHNeBzUbUVLsqKdccaa/BXF1uPTw3GrvQTBgrQrtObr2mUrE38vzYd8cEv+m/JBfDLioYcfXoaw=="
    },
    "typescript": {
      "version": "3.7.5",
      "resolved": "https://registry.npmjs.org/typescript/-/typescript-3.7.5.tgz",
      "integrity": "sha512-/P5lkRXkWHNAbcJIiHPfRoKqyd7bsyCma1hZNUGfn20qm64T6ZBlrzprymeu918H+mB/0rIg2gGK/BXkhhYgBw==",
      "dev": true
    },
    "uuid": {
      "version": "8.3.0",
      "resolved": "https://registry.npmjs.org/uuid/-/uuid-8.3.0.tgz",
      "integrity": "sha512-fX6Z5o4m6XsXBdli9g7DtWgAx+osMsRRZFKma1mIUsLCz6vRvv+pz5VNbyu9UEDzpMWulZfvpgb/cmDXVulYFQ=="
    }
  }
}
